Microsoft Visual Studio Solution File, Format Version 10.00
# Visual Studio 2008
Project("{8BC9CEB8-8B4A-11D0-8D11-00A0C91BC942}") = "cl_dll.dll", "cl_dll\cl_dll-2008.vcproj", "{4F2D8BCB-E519-4BD6-9E90-F9BD279A7F81}"
EndProject
Project("{8BC9CEB8-8B4A-11D0-8D11-00A0C91BC942}") = "ns.dll", "dlls\hl-2008.vcproj", "{FE9B1F1B-866D-4A5A-A303-FAEE34F90025}"
EndProject
Project("{2150E333-8FDC-42A3-9474-1A3956D46DE8}") = "Solution Items", "Solution Items", "{6AFDD03F-2B76-4B6F-8664-D38946AD7DBE}"
	ProjectSection(SolutionItems) = preProject
		..\Balance.txt = ..\Balance.txt
	EndProjectSection
EndProject
Global
	GlobalSection(SolutionConfigurationPlatforms) = preSolution
		Developer - debug|Win32 = Developer - debug|Win32
		Developer - release|Win32 = Developer - release|Win32
		Playtest - balance disabled|Win32 = Playtest - balance disabled|Win32
		Playtest|Win32 = Playtest|Win32
	EndGlobalSection
	GlobalSection(ProjectConfigurationPlatforms) = postSolution
		{4F2D8BCB-E519-4BD6-9E90-F9BD279A7F81}.Developer - debug|Win32.ActiveCfg = Developer - debug|Win32
		{4F2D8BCB-E519-4BD6-9E90-F9BD279A7F81}.Developer - debug|Win32.Build.0 = Developer - debug|Win32
		{4F2D8BCB-E519-4BD6-9E90-F9BD279A7F81}.Developer - release|Win32.ActiveCfg = Developer - release|Win32
		{4F2D8BCB-E519-4BD6-9E90-F9BD279A7F81}.Developer - release|Win32.Build.0 = Developer - release|Win32
		{4F2D8BCB-E519-4BD6-9E90-F9BD279A7F81}.Playtest - balance disabled|Win32.ActiveCfg = Playtest - balance disabled|Win32
		{4F2D8BCB-E519-4BD6-9E90-F9BD279A7F81}.Playtest - balance disabled|Win32.Build.0 = Playtest - balance disabled|Win32
		{4F2D8BCB-E519-4BD6-9E90-F9BD279A7F81}.Playtest|Win32.ActiveCfg = Playtest|Win32
		{4F2D8BCB-E519-4BD6-9E90-F9BD279A7F81}.Playtest|Win32.Build.0 = Playtest|Win32
		{FE9B1F1B-866D-4A5A-A303-FAEE34F90025}.Developer - debug|Win32.ActiveCfg = Developer - debug|Win32
		{FE9B1F1B-866D-4A5A-A303-FAEE34F90025}.Developer - debug|Win32.Build.0 = Developer - debug|Win32
		{FE9B1F1B-866D-4A5A-A303-FAEE34F90025}.Developer - release|Win32.ActiveCfg = Developer - release|Win32
		{FE9B1F1B-866D-4A5A-A303-FAEE34F90025}.Developer - release|Win32.Build.0 = Developer - release|Win32
		{FE9B1F1B-866D-4A5A-A303-FAEE34F90025}.Playtest - balance disabled|Win32.ActiveCfg = Playtest - balance disabled|Win32
		{FE9B1F1B-866D-4A5A-A303-FAEE34F90025}.Playtest - balance disabled|Win32.Build.0 = Playtest - balance disabled|Win32
		{FE9B1F1B-866D-4A5A-A303-FAEE34F90025}.Playtest|Win32.ActiveCfg = Playtest|Win32
		{FE9B1F1B-866D-4A5A-A303-FAEE34F90025}.Playtest|Win32.Build.0 = Playtest|Win32
	EndGlobalSection
	GlobalSection(SolutionProperties) = preSolution
		HideSolutionNode = FALSE
	EndGlobalSection
EndGlobal
